
Microsoft Visual Studio Solution File, Format Version 12.00
# Visual Studio Version 17
VisualStudioVersion = 17.0.31903.59
MinimumVisualStudioVersion = 10.0.40219.1
Project("{FAE04EC0-301F-11D3-BF4B-00C04F79EFBC}") = "expenselib", "library\expenselib.csproj", "{A50B9046-CE59-4C25-BD96-88D975C9B178}"
EndProject
Project("{FAE04EC0-301F-11D3-BF4B-00C04F79EFBC}") = "expenseconsole", "console\expenseconsole.csproj", "{F062E31D-0E67-4C8D-87EC-F0F55C71815D}"
EndProject
Global
	GlobalSection(SolutionConfigurationPlatforms) = preSolution
		Debug|Any CPU = Debug|Any CPU
		Release|Any CPU = Release|Any CPU
	EndGlobalSection
	GlobalSection(SolutionProperties) = preSolution
		HideSolutionNode = FALSE
	EndGlobalSection
	GlobalSection(ProjectConfigurationPlatforms) = postSolution
		{A50B9046-CE59-4C25-BD96-88D975C9B178}.Debug|Any CPU.ActiveCfg = Debug|Any CPU
		{A50B9046-CE59-4C25-BD96-88D975C9B178}.Debug|Any CPU.Build.0 = Debug|Any CPU
		{A50B9046-CE59-4C25-BD96-88D975C9B178}.Release|Any CPU.ActiveCfg = Release|Any CPU
		{A50B9046-CE59-4C25-BD96-88D975C9B178}.Release|Any CPU.Build.0 = Release|Any CPU
		{F062E31D-0E67-4C8D-87EC-F0F55C71815D}.Debug|Any CPU.ActiveCfg = Debug|Any CPU
		{F062E31D-0E67-4C8D-87EC-F0F55C71815D}.Debug|Any CPU.Build.0 = Debug|Any CPU
		{F062E31D-0E67-4C8D-87EC-F0F55C71815D}.Release|Any CPU.ActiveCfg = Release|Any CPU
		{F062E31D-0E67-4C8D-87EC-F0F55C71815D}.Release|Any CPU.Build.0 = Release|Any CPU
	EndGlobalSection
EndGlobal
